
Microsoft Visual Studio Solution File, Format Version 12.00
# Visual Studio Version 17
VisualStudioVersion = 17.0.31903.59
MinimumVisualStudioVersion = 10.0.40219.1
Project("{FAE04EC0-301F-11D3-BF4B-00C04F79EFBC}") = "API", "API\API.csproj", "{6B7590DE-BDBF-4D76-8FC2-CFE34C1A8849}"
EndProject
Project("{FAE04EC0-301F-11D3-BF4B-00C04F79EFBC}") = "Core", "Core\Core.csproj", "{F798CCBB-072D-4EE4-B931-A70DCDE8D18F}"
EndProject
Project("{FAE04EC0-301F-11D3-BF4B-00C04F79EFBC}") = "Infrastructure", "Infrastructure\Infrastructure.csproj", "{85C316A5-1611-4F7F-B400-2C318721B8D3}"
EndProject
Global
	GlobalSection(SolutionConfigurationPlatforms) = preSolution
		Debug|Any CPU = Debug|Any CPU
		Debug|x64 = Debug|x64
		Debug|x86 = Debug|x86
		Release|Any CPU = Release|Any CPU
		Release|x64 = Release|x64
		Release|x86 = Release|x86
	EndGlobalSection
	GlobalSection(ProjectConfigurationPlatforms) = postSolution
		{6B7590DE-BDBF-4D76-8FC2-CFE34C1A8849}.Debug|Any CPU.ActiveCfg = Debug|Any CPU
		{6B7590DE-BDBF-4D76-8FC2-CFE34C1A8849}.Debug|Any CPU.Build.0 = Debug|Any CPU
		{6B7590DE-BDBF-4D76-8FC2-CFE34C1A8849}.Debug|x64.ActiveCfg = Debug|Any CPU
		{6B7590DE-BDBF-4D76-8FC2-CFE34C1A8849}.Debug|x64.Build.0 = Debug|Any CPU
		{6B7590DE-BDBF-4D76-8FC2-CFE34C1A8849}.Debug|x86.ActiveCfg = Debug|Any CPU
		{6B7590DE-BDBF-4D76-8FC2-CFE34C1A8849}.Debug|x86.Build.0 = Debug|Any CPU
		{6B7590DE-BDBF-4D76-8FC2-CFE34C1A8849}.Release|Any CPU.ActiveCfg = Release|Any CPU
		{6B7590DE-BDBF-4D76-8FC2-CFE34C1A8849}.Release|Any CPU.Build.0 = Release|Any CPU
		{6B7590DE-BDBF-4D76-8FC2-CFE34C1A8849}.Release|x64.ActiveCfg = Release|Any CPU
		{6B7590DE-BDBF-4D76-8FC2-CFE34C1A8849}.Release|x64.Build.0 = Release|Any CPU
		{6B7590DE-BDBF-4D76-8FC2-CFE34C1A8849}.Release|x86.ActiveCfg = Release|Any CPU
		{6B7590DE-BDBF-4D76-8FC2-CFE34C1A8849}.Release|x86.Build.0 = Release|Any CPU
		{F798CCBB-072D-4EE4-B931-A70DCDE8D18F}.Debug|Any CPU.ActiveCfg = Debug|Any CPU
		{F798CCBB-072D-4EE4-B931-A70DCDE8D18F}.Debug|Any CPU.Build.0 = Debug|Any CPU
		{F798CCBB-072D-4EE4-B931-A70DCDE8D18F}.Debug|x64.ActiveCfg = Debug|Any CPU
		{F798CCBB-072D-4EE4-B931-A70DCDE8D18F}.Debug|x64.Build.0 = Debug|Any CPU
		{F798CCBB-072D-4EE4-B931-A70DCDE8D18F}.Debug|x86.ActiveCfg = Debug|Any CPU
		{F798CCBB-072D-4EE4-B931-A70DCDE8D18F}.Debug|x86.Build.0 = Debug|Any CPU
		{F798CCBB-072D-4EE4-B931-A70DCDE8D18F}.Release|Any CPU.ActiveCfg = Release|Any CPU
		{F798CCBB-072D-4EE4-B931-A70DCDE8D18F}.Release|Any CPU.Build.0 = Release|Any CPU
		{F798CCBB-072D-4EE4-B931-A70DCDE8D18F}.Release|x64.ActiveCfg = Release|Any CPU
		{F798CCBB-072D-4EE4-B931-A70DCDE8D18F}.Release|x64.Build.0 = Release|Any CPU
		{F798CCBB-072D-4EE4-B931-A70DCDE8D18F}.Release|x86.ActiveCfg = Release|Any CPU
		{F798CCBB-072D-4EE4-B931-A70DCDE8D18F}.Release|x86.Build.0 = Release|Any CPU
		{85C316A5-1611-4F7F-B400-2C318721B8D3}.Debug|Any CPU.ActiveCfg = Debug|Any CPU
		{85C316A5-1611-4F7F-B400-2C318721B8D3}.Debug|Any CPU.Build.0 = Debug|Any CPU
		{85C316A5-1611-4F7F-B400-2C318721B8D3}.Debug|x64.ActiveCfg = Debug|Any CPU
		{85C316A5-1611-4F7F-B400-2C318721B8D3}.Debug|x64.Build.0 = Debug|Any CPU
		{85C316A5-1611-4F7F-B400-2C318721B8D3}.Debug|x86.ActiveCfg = Debug|Any CPU
		{85C316A5-1611-4F7F-B400-2C318721B8D3}.Debug|x86.Build.0 = Debug|Any CPU
		{85C316A5-1611-4F7F-B400-2C318721B8D3}.Release|Any CPU.ActiveCfg = Release|Any CPU
		{85C316A5-1611-4F7F-B400-2C318721B8D3}.Release|Any CPU.Build.0 = Release|Any CPU
		{85C316A5-1611-4F7F-B400-2C318721B8D3}.Release|x64.ActiveCfg = Release|Any CPU
		{85C316A5-1611-4F7F-B400-2C318721B8D3}.Release|x64.Build.0 = Release|Any CPU
		{85C316A5-1611-4F7F-B400-2C318721B8D3}.Release|x86.ActiveCfg = Release|Any CPU
		{85C316A5-1611-4F7F-B400-2C318721B8D3}.Release|x86.Build.0 = Release|Any CPU
	EndGlobalSection
	GlobalSection(SolutionProperties) = preSolution
		HideSolutionNode = FALSE
	EndGlobalSection
EndGlobal
